
Microsoft Visual Studio Solution File, Format Version 12.00
# Visual Studio 15
Project("{FAE04EC0-301F-11D3-BF4B-00C04F79EFBC}") = "Assembly-CSharp", "Assembly-CSharp.csproj", "{8427AD66-5140-1149-7C2F-48A1BBA2DF3F}"
EndProject
Project("{FAE04EC0-301F-11D3-BF4B-00C04F79EFBC}") = "Assembly-CSharp-Editor", "Assembly-CSharp-Editor.csproj", "{2311E60E-4FF3-C4E6-3C9F-A66EB84F319C}"
EndProject
Global
	GlobalSection(SolutionConfigurationPlatforms) = preSolution
		Debug|Any CPU = Debug|Any CPU
		Release|Any CPU = Release|Any CPU
	EndGlobalSection
	GlobalSection(ProjectConfigurationPlatforms) = postSolution
		{8427AD66-5140-1149-7C2F-48A1BBA2DF3F}.Debug|Any CPU.ActiveCfg = Debug|Any CPU
		{8427AD66-5140-1149-7C2F-48A1BBA2DF3F}.Debug|Any CPU.Build.0 = Debug|Any CPU
		{8427AD66-5140-1149-7C2F-48A1BBA2DF3F}.Release|Any CPU.ActiveCfg = Release|Any CPU
		{8427AD66-5140-1149-7C2F-48A1BBA2DF3F}.Release|Any CPU.Build.0 = Release|Any CPU
		{2311E60E-4FF3-C4E6-3C9F-A66EB84F319C}.Debug|Any CPU.ActiveCfg = Debug|Any CPU
		{2311E60E-4FF3-C4E6-3C9F-A66EB84F319C}.Debug|Any CPU.Build.0 = Debug|Any CPU
		{2311E60E-4FF3-C4E6-3C9F-A66EB84F319C}.Release|Any CPU.ActiveCfg = Release|Any CPU
		{2311E60E-4FF3-C4E6-3C9F-A66EB84F319C}.Release|Any CPU.Build.0 = Release|Any CPU
	EndGlobalSection
	GlobalSection(SolutionProperties) = preSolution
		HideSolutionNode = FALSE
	EndGlobalSection
	GlobalSection(SolutionProperties) = preSolution
		HideSolutionNode = FALSE
	EndGlobalSection
EndGlobal
